
Microsoft Visual Studio Solution File, Format Version 12.00
# Visual Studio Version 17
VisualStudioVersion = 17.4.33103.184
MinimumVisualStudioVersion = 10.0.40219.1
Project("{FAE04EC0-301F-11D3-BF4B-00C04F79EFBC}") = "JetpackJoyride", "JetpackJoyride\JetpackJoyride.csproj", "{901BECEA-7707-4626-AF9E-26E913CAE09A}"
EndProject
Global
	GlobalSection(SolutionConfigurationPlatforms) = preSolution
		Debug|Any CPU = Debug|Any CPU
		Release|Any CPU = Release|Any CPU
	EndGlobalSection
	GlobalSection(ProjectConfigurationPlatforms) = postSolution
		{901BECEA-7707-4626-AF9E-26E913CAE09A}.Debug|Any CPU.ActiveCfg = Debug|Any CPU
		{901BECEA-7707-4626-AF9E-26E913CAE09A}.Debug|Any CPU.Build.0 = Debug|Any CPU
		{901BECEA-7707-4626-AF9E-26E913CAE09A}.Release|Any CPU.ActiveCfg = Release|Any CPU
		{901BECEA-7707-4626-AF9E-26E913CAE09A}.Release|Any CPU.Build.0 = Release|Any CPU
	EndGlobalSection
	GlobalSection(SolutionProperties) = preSolution
		HideSolutionNode = FALSE
	EndGlobalSection
	GlobalSection(ExtensibilityGlobals) = postSolution
		SolutionGuid = {7FEBA4DA-E8F4-4DCE-85A6-3A7E05D9885E}
	EndGlobalSection
EndGlobal
